{
  "name": "aiRead",
  "version": "1.0.0",
  "lockfileVersion": 3,
  "requires": true,
  "packages": {
    "": {
      "name": "aiRead",
      "version": "1.0.0",
      "dependencies": {
        "wx-server-sdk": "~3.0.4"
      }
    },
    "node_modules/@cloudbase/database": {
      "version": "1.4.1",
      "resolved": "http://r.npm.sankuai.com/@cloudbase/database/download/@cloudbase/database-1.4.1.tgz",
      "integrity": "sha1-VyUz/3aoV+1NBcKCCGeAD7vi/W8=",
      "license": "ISC",
      "dependencies": {
        "bson": "^4.0.3",
        "lodash.clonedeep": "4.5.0",
        "lodash.set": "4.3.2",
        "lodash.unset": "4.5.2"
      }
    },
    "node_modules/@cloudbase/node-sdk": {
      "version": "2.10.0",
      "resolved": "http://r.npm.sankuai.com/@cloudbase/node-sdk/download/@cloudbase/node-sdk-2.10.0.tgz",
      "integrity": "sha1-yt4Y/WEkW9Ne51KqRghnpt/RR08=",
      "license": "MIT",
      "dependencies": {
        "@cloudbase/database": "1.4.1",
        "@cloudbase/signature-nodejs": "1.0.0-beta.0",
        "agentkeepalive": "^4.3.0",
        "axios": "^0.21.1",
        "jsonwebtoken": "^8.5.1",
        "request": "^2.87.0",
        "retry": "^0.13.1",
        "xml2js": "^0.5.0"
      },
      "engines": {
        "node": ">=8.6.0"
      }
    },
    "node_modules/@cloudbase/signature-nodejs": {
      "version": "1.0.0-beta.0",
      "resolved": "http://r.npm.sankuai.com/@cloudbase/signature-nodejs/download/@cloudbase/signature-nodejs-1.0.0-beta.0.tgz",
      "integrity": "sha1-Ix0F+ZytAbxGT2gjlVfGpbmn56M=",
      "dependencies": {
        "@types/clone": "^0.1.30",
        "clone": "^2.1.2",
        "is-stream": "^2.0.0",
        "url": "^0.11.0"
      }
    },
    "node_modules/@protobufjs/aspromise": {
      "version": "1.1.2",
      "resolved": "http://r.npm.sankuai.com/@protobufjs/aspromise/download/@protobufjs/aspromise-1.1.2.tgz",
      "integrity": "sha1-m4sMxmPWaafY9vXQiToU00jzD78=",
      "license": "BSD-3-Clause"
    },
    "node_modules/@protobufjs/base64": {
      "version": "1.1.2",
      "resolved": "http://r.npm.sankuai.com/@protobufjs/base64/download/@protobufjs/base64-1.1.2.tgz",
      "integrity": "sha1-TIVzDlm5ofHzSQR9vyQpYDS7JzU=",
      "license": "BSD-3-Clause"
    },
    "node_modules/@protobufjs/codegen": {
      "version": "2.0.5",
      "resolved": "http://r.npm.sankuai.com/@protobufjs/codegen/download/@protobufjs/codegen-2.0.5.tgz",
      "integrity": "sha1-2TFa188/MKrHC9o8BoRD3G8UNlk=",
      "license": "BSD-3-Clause"
    },
    "node_modules/@protobufjs/eventemitter": {
      "version": "1.1.0",
      "resolved": "http://r.npm.sankuai.com/@protobufjs/eventemitter/download/@protobufjs/eventemitter-1.1.0.tgz",
      "integrity": "sha1-NVy8mLr61ZePntCV85diHx0Ga3A=",
      "license": "BSD-3-Clause"
    },
    "node_modules/@protobufjs/fetch": {
      "version": "1.1.0",
      "resolved": "http://r.npm.sankuai.com/@protobufjs/fetch/download/@protobufjs/fetch-1.1.0.tgz",
      "integrity": "sha1-upn7WYYUr2VwDBYZ/wbUVLDYTEU=",
      "license": "BSD-3-Clause",
      "dependencies": {
        "@protobufjs/aspromise": "^1.1.1",
        "@protobufjs/inquire": "^1.1.0"
      }
    },
    "node_modules/@protobufjs/float": {
      "version": "1.0.2",
      "resolved": "http://r.npm.sankuai.com/@protobufjs/float/download/@protobufjs/float-1.0.2.tgz",
      "integrity": "sha1-Xp4avctz/Ap8uLKR33jIy9l7h9E=",
      "license": "BSD-3-Clause"
    },
    "node_modules/@protobufjs/inquire": {
      "version": "1.1.1",
      "resolved": "http://r.npm.sankuai.com/@protobufjs/inquire/download/@protobufjs/inquire-1.1.1.tgz",
      "integrity": "sha1-bLk29KxQllIwrx6dC7/VfqNnWqQ=",
      "license": "BSD-3-Clause"
    },
    "node_modules/@protobufjs/path": {
      "version": "1.1.2",
      "resolved": "http://r.npm.sankuai.com/@protobufjs/path/download/@protobufjs/path-1.1.2.tgz",
      "integrity": "sha1-bMKyDFya1q0NzP0hynZz2Nf79o0=",
      "license": "BSD-3-Clause"
    },
    "node_modules/@protobufjs/pool": {
      "version": "1.1.0",
      "resolved": "http://r.npm.sankuai.com/@protobufjs/pool/download/@protobufjs/pool-1.1.0.tgz",
      "integrity": "sha1-Cf0V8tbTq/qbZbw2ZQbWrXhG/1Q=",
      "license": "BSD-3-Clause"
    },
    "node_modules/@protobufjs/utf8": {
      "version": "1.1.1",
      "resolved": "http://r.npm.sankuai.com/@protobufjs/utf8/download/@protobufjs/utf8-1.1.1.tgz",
      "integrity": "sha1-6u5ZABIsEQo9vLcowFlwFKJiF3Q=",
      "license": "BSD-3-Clause"
    },
    "node_modules/@types/clone": {
      "version": "0.1.30",
      "resolved": "http://r.npm.sankuai.com/@types/clone/download/@types/clone-0.1.30.tgz",
      "integrity": "sha1-5zZWSMG0ITalnH1QQGN7O1yDthQ=",
      "license": "MIT"
    },
    "node_modules/@types/node": {
      "version": "25.6.0",
      "resolved": "http://r.npm.sankuai.com/@types/node/download/@types/node-25.6.0.tgz",
      "integrity": "sha1-Tgm62bRphx8tD2gUAZjL1xT07co=",
      "license": "MIT",
      "dependencies": {
        "undici-types": "~7.19.0"
      }
    },
    "node_modules/agentkeepalive": {
      "version": "4.6.0",
      "resolved": "http://r.npm.sankuai.com/agentkeepalive/download/agentkeepalive-4.6.0.tgz",
      "integrity": "sha1-Nfc+lLP0C/ZfEFIZxiOtGcE26mo=",
      "license": "MIT",
      "dependencies": {
        "humanize-ms": "^1.2.1"
      },
      "engines": {
        "node": ">= 8.0.0"
      }
    },
    "node_modules/ajv": {
      "version": "6.15.0",
      "resolved": "http://r.npm.sankuai.com/ajv/download/ajv-6.15.0.tgz",
      "integrity": "sha1-B+mCx0YmFnqnoklcU4F4ktcTlJI=",
      "license": "MIT",
      "dependencies": {
        "fast-deep-equal": "^3.1.1",
        "fast-json-stable-stringify": "^2.0.0",
        "json-schema-traverse": "^0.4.1",
        "uri-js": "^4.2.2"
      },
      "funding": {
        "type": "github",
        "url": "https://github.com/sponsors/epoberezkin"
      }
    },
    "node_modules/asn1": {
      "version": "0.2.6",
      "resolved": "http://r.npm.sankuai.com/asn1/download/asn1-0.2.6.tgz",
      "integrity": "sha1-DTp7tuZOAqkMAwOzHykoaOoJoI0=",
      "license": "MIT",
      "dependencies": {
        "safer-buffer": "~2.1.0"
      }
    },
    "node_modules/assert-plus": {
      "version": "1.0.0",
      "resolved": "http://r.npm.sankuai.com/assert-plus/download/assert-plus-1.0.0.tgz",
      "integrity": "sha1-8S4PPF13sLHN2RRpQuTpbB5N1SU=",
      "license": "MIT",
      "engines": {
        "node": ">=0.8"
      }
    },
    "node_modules/asynckit": {
      "version": "0.4.0",
      "resolved": "http://r.npm.sankuai.com/asynckit/download/asynckit-0.4.0.tgz",
      "integrity": "sha1-x57Zf380y48robyXkLzDZkdLS3k=",
      "license": "MIT"
    },
    "node_modules/aws-sign2": {
      "version": "0.7.0",
      "resolved": "http://r.npm.sankuai.com/aws-sign2/download/aws-sign2-0.7.0.tgz",
      "integrity": "sha1-tG6JCTSpWR8tL2+G1+ap8bP+dqg=",
      "license": "Apache-2.0",
      "engines": {
        "node": "*"
      }
    },
    "node_modules/aws4": {
      "version": "1.13.2",
      "resolved": "http://r.npm.sankuai.com/aws4/download/aws4-1.13.2.tgz",
      "integrity": "sha1-CqFnIWllrJR0zPqDiSz7az4eUu8=",
      "license": "MIT"
    },
    "node_modules/axios": {
      "version": "0.21.4",
      "resolved": "http://r.npm.sankuai.com/axios/download/axios-0.21.4.tgz",
      "integrity": "sha1-xnuQ3AVo5cHPKwuFjEO6KOLtpXU=",
      "license": "MIT",
      "dependencies": {
        "follow-redirects": "^1.14.0"
      }
    },
    "node_modules/base64-js": {
      "version": "1.5.1",
      "resolved": "http://r.npm.sankuai.com/base64-js/download/base64-js-1.5.1.tgz",
      "integrity": "sha1-GxtEAWClv3rUC2UPCVljSBkDkwo=",
      "funding": [
        {
          "type": "github",
          "url": "https://github.com/sponsors/feross"
        },
        {
          "type": "patreon",
          "url": "https://www.patreon.com/feross"
        },
        {
          "type": "consulting",
          "url": "https://feross.org/support"
        }
      ],
      "license": "MIT"
    },
    "node_modules/bcrypt-pbkdf": {
      "version": "1.0.2",
      "resolved": "http://r.npm.sankuai.com/bcrypt-pbkdf/download/bcrypt-pbkdf-1.0.2.tgz",
      "integrity": "sha1-pDAdOJtqQ/m2f/PKEaP2Y342Dp4=",
      "license": "BSD-3-Clause",
      "dependencies": {
        "tweetnacl": "^0.14.3"
      }
    },
    "node_modules/bignumber.js": {
      "version": "9.3.1",
      "resolved": "https://registry.npmmirror.com/bignumber.js/-/bignumber.js-9.3.1.tgz",
      "integrity": "sha512-Ko0uX15oIUS7wJ3Rb30Fs6SkVbLmPBAKdlm7q9+ak9bbIeFf0MwuBsQV6z7+X768/cHsfg+WlysDWJcmthjsjQ==",
      "license": "MIT",
      "engines": {
        "node": "*"
      }
    },
    "node_modules/bson": {
      "version": "4.7.2",
      "resolved": "http://r.npm.sankuai.com/bson/download/bson-4.7.2.tgz",
      "integrity": "sha1-Mg9K0Or1MS3ZtF3DacxIlF4qXy4=",
      "license": "Apache-2.0",
      "dependencies": {
        "buffer": "^5.6.0"
      },
      "engines": {
        "node": ">=6.9.0"
      }
    },
    "node_modules/buffer": {
      "version": "5.7.1",
      "resolved": "http://r.npm.sankuai.com/buffer/download/buffer-5.7.1.tgz",
      "integrity": "sha1-umLnwTEzBTWCGXFghRqPZI6Z7tA=",
      "funding": [
        {
          "type": "github",
          "url": "https://github.com/sponsors/feross"
        },
        {
          "type": "patreon",
          "url": "https://www.patreon.com/feross"
        },
        {
          "type": "consulting",
          "url": "https://feross.org/support"
        }
      ],
      "license": "MIT",
      "dependencies": {
        "base64-js": "^1.3.1",
        "ieee754": "^1.1.13"
      }
    },
    "node_modules/buffer-equal-constant-time": {
      "version": "1.0.1",
      "resolved": "http://r.npm.sankuai.com/buffer-equal-constant-time/download/buffer-equal-constant-time-1.0.1.tgz",
      "integrity": "sha1-+OcRMvf/5uAaXJaXpMbz5I1cyBk=",
      "license": "BSD-3-Clause"
    },
    "node_modules/call-bind-apply-helpers": {
      "version": "1.0.2",
      "resolved": "http://r.npm.sankuai.com/call-bind-apply-helpers/download/call-bind-apply-helpers-1.0.2.tgz",
      "integrity": "sha1-S1QowiK+mF15w9gmV0edvgtZstY=",
      "license": "MIT",
      "dependencies": {
        "es-errors": "^1.3.0",
        "function-bind": "^1.1.2"
      },
      "engines": {
        "node": ">= 0.4"
      }
    },
    "node_modules/call-bound": {
      "version": "1.0.4",
      "resolved": "http://r.npm.sankuai.com/call-bound/download/call-bound-1.0.4.tgz",
      "integrity": "sha1-I43pNdKippKSjFOMfM+pEGf9Bio=",
      "license": "MIT",
      "dependencies": {
        "call-bind-apply-helpers": "^1.0.2",
        "get-intrinsic": "^1.3.0"
      },
      "engines": {
        "node": ">= 0.4"
      },
      "funding": {
        "url": "https://github.com/sponsors/ljharb"
      }
    },
    "node_modules/caseless": {
      "version": "0.12.0",
      "resolved": "http://r.npm.sankuai.com/caseless/download/caseless-0.12.0.tgz",
      "integrity": "sha1-G2gcIf+EAzyCZUMJBolCDRhxUdw=",
      "license": "Apache-2.0"
    },
    "node_modules/clone": {
      "version": "2.1.2",
      "resolved": "http://r.npm.sankuai.com/clone/download/clone-2.1.2.tgz",
      "integrity": "sha1-G39Ln1kfHo+DZwQBYANFoCiHQ18=",
      "license": "MIT",
      "engines": {
        "node": ">=0.8"
      }
    },
    "node_modules/combined-stream": {
      "version": "1.0.8",
      "resolved": "http://r.npm.sankuai.com/combined-stream/download/combined-stream-1.0.8.tgz",
      "integrity": "sha1-w9RaizT9cwYxoRCoolIGgrMdWn8=",
      "license": "MIT",
      "dependencies": {
        "delayed-stream": "~1.0.0"
      },
      "engines": {
        "node": ">= 0.8"
      }
    },
    "node_modules/core-util-is": {
      "version": "1.0.2",
      "resolved": "http://r.npm.sankuai.com/core-util-is/download/core-util-is-1.0.2.tgz",
      "integrity": "sha1-tf1UIgqivFq1eqtxQMlAdUUDwac=",
      "license": "MIT"
    },
    "node_modules/dashdash": {
      "version": "1.14.1",
      "resolved": "http://r.npm.sankuai.com/dashdash/download/dashdash-1.14.1.tgz",
      "integrity": "sha1-hTz6D3y+L+1d4gMmuN1YEDX24vA=",
      "license": "MIT",
      "dependencies": {
        "assert-plus": "^1.0.0"
      },
      "engines": {
        "node": ">=0.10"
      }
    },
    "node_modules/delayed-stream": {
      "version": "1.0.0",
      "resolved": "http://r.npm.sankuai.com/delayed-stream/download/delayed-stream-1.0.0.tgz",
      "integrity": "sha1-3zrhmayt+31ECqrgsp4icrJOxhk=",
      "license": "MIT",
      "engines": {
        "node": ">=0.4.0"
      }
    },
    "node_modules/dunder-proto": {
      "version": "1.0.1",
      "resolved": "http://r.npm.sankuai.com/dunder-proto/download/dunder-proto-1.0.1.tgz",
      "integrity": "sha1-165mfh3INIL4tw/Q9u78UNow9Yo=",
      "license": "MIT",
      "dependencies": {
        "call-bind-apply-helpers": "^1.0.1",
        "es-errors": "^1.3.0",
        "gopd": "^1.2.0"
      },
      "engines": {
        "node": ">= 0.4"
      }
    },
    "node_modules/ecc-jsbn": {
      "version": "0.1.2",
      "resolved": "http://r.npm.sankuai.com/ecc-jsbn/download/ecc-jsbn-0.1.2.tgz",
      "integrity": "sha1-OoOpBOVDUyh4dMVkt1SThoSamMk=",
      "license": "MIT",
      "dependencies": {
        "jsbn": "~0.1.0",
        "safer-buffer": "^2.1.0"
      }
    },
    "node_modules/ecdsa-sig-formatter": {
      "version": "1.0.11",
      "resolved": "http://r.npm.sankuai.com/ecdsa-sig-formatter/download/ecdsa-sig-formatter-1.0.11.tgz",
      "integrity": "sha1-rg8PothQRe8UqBfao86azQSJ5b8=",
      "license": "Apache-2.0",
      "dependencies": {
        "safe-buffer": "^5.0.1"
      }
    },
    "node_modules/es-define-property": {
      "version": "1.0.1",
      "resolved": "http://r.npm.sankuai.com/es-define-property/download/es-define-property-1.0.1.tgz",
      "integrity": "sha1-mD6y+aZyTpMD9hrd8BHHLgngsPo=",
      "license": "MIT",
      "engines": {
        "node": ">= 0.4"
      }
    },
    "node_modules/es-errors": {
      "version": "1.3.0",
      "resolved": "http://r.npm.sankuai.com/es-errors/download/es-errors-1.3.0.tgz",
      "integrity": "sha1-BfdaJdq5jk+x3NXhRywFRtUFfI8=",
      "license": "MIT",
      "engines": {
        "node": ">= 0.4"
      }
    },
    "node_modules/es-object-atoms": {
      "version": "1.1.1",
      "resolved": "http://r.npm.sankuai.com/es-object-atoms/download/es-object-atoms-1.1.1.tgz",
      "integrity": "sha1-HE8sSDcydZfOadLKGQp/3RcjOME=",
      "license": "MIT",
      "dependencies": {
        "es-errors": "^1.3.0"
      },
      "engines": {
        "node": ">= 0.4"
      }
    },
    "node_modules/extend": {
      "version": "3.0.2",
      "resolved": "http://r.npm.sankuai.com/extend/download/extend-3.0.2.tgz",
      "integrity": "sha1-+LETa0Bx+9jrFAr/hYsQGewpFfo=",
      "license": "MIT"
    },
    "node_modules/extsprintf": {
      "version": "1.3.0",
      "resolved": "http://r.npm.sankuai.com/extsprintf/download/extsprintf-1.3.0.tgz",
      "integrity": "sha1-lpGEQOMEGnpBT4xS48V06zw+HgU=",
      "engines": [
        "node >=0.6.0"
      ],
      "license": "MIT"
    },
    "node_modules/fast-deep-equal": {
      "version": "3.1.3",
      "resolved": "http://r.npm.sankuai.com/fast-deep-equal/download/fast-deep-equal-3.1.3.tgz",
      "integrity": "sha1-On1WtVnWy8PrUSMlJE5hmmXGxSU=",
      "license": "MIT"
    },
    "node_modules/fast-json-stable-stringify": {
      "version": "2.1.0",
      "resolved": "http://r.npm.sankuai.com/fast-json-stable-stringify/download/fast-json-stable-stringify-2.1.0.tgz",
      "integrity": "sha1-h0v2nG9ATCtdmcSBNBOZ/VWJJjM=",
      "license": "MIT"
    },
    "node_modules/follow-redirects": {
      "version": "1.16.0",
      "resolved": "http://r.npm.sankuai.com/follow-redirects/download/follow-redirects-1.16.0.tgz",
      "integrity": "sha1-KEdKFZ07nRHvYgUKFO1g5N9tYbw=",
      "funding": [
        {
          "type": "individual",
          "url": "https://github.com/sponsors/RubenVerborgh"
        }
      ],
      "license": "MIT",
      "engines": {
        "node": ">=4.0"
      },
      "peerDependenciesMeta": {
        "debug": {
          "optional": true
        }
      }
    },
    "node_modules/forever-agent": {
      "version": "0.6.1",
      "resolved": "http://r.npm.sankuai.com/forever-agent/download/forever-agent-0.6.1.tgz",
      "integrity": "sha1-+8cfDEGt6zf5bFd60e1C2P2sypE=",
      "license": "Apache-2.0",
      "engines": {
        "node": "*"
      }
    },
    "node_modules/form-data": {
      "version": "2.3.3",
      "resolved": "http://r.npm.sankuai.com/form-data/download/form-data-2.3.3.tgz",
      "integrity": "sha1-3M5SwF9kTymManq5Nr1yTO/786Y=",
      "license": "MIT",
      "dependencies": {
        "asynckit": "^0.4.0",
        "combined-stream": "^1.0.6",
        "mime-types": "^2.1.12"
      },
      "engines": {
        "node": ">= 0.12"
      }
    },
    "node_modules/function-bind": {
      "version": "1.1.2",
      "resolved": "http://r.npm.sankuai.com/function-bind/download/function-bind-1.1.2.tgz",
      "integrity": "sha1-LALYZNl/PqbIgwxGTL0Rq26rehw=",
      "license": "MIT",
      "funding": {
        "url": "https://github.com/sponsors/ljharb"
      }
    },
    "node_modules/get-intrinsic": {
      "version": "1.3.0",
      "resolved": "http://r.npm.sankuai.com/get-intrinsic/download/get-intrinsic-1.3.0.tgz",
      "integrity": "sha1-dD8OO2lkqTpUke0b/6rgVNf5jQE=",
      "license": "MIT",
      "dependencies": {
        "call-bind-apply-helpers": "^1.0.2",
        "es-define-property": "^1.0.1",
        "es-errors": "^1.3.0",
        "es-object-atoms": "^1.1.1",
        "function-bind": "^1.1.2",
        "get-proto": "^1.0.1",
        "gopd": "^1.2.0",
        "has-symbols": "^1.1.0",
        "hasown": "^2.0.2",
        "math-intrinsics": "^1.1.0"
      },
      "engines": {
        "node": ">= 0.4"
      },
      "funding": {
        "url": "https://github.com/sponsors/ljharb"
      }
    },
    "node_modules/get-proto": {
      "version": "1.0.1",
      "resolved": "http://r.npm.sankuai.com/get-proto/download/get-proto-1.0.1.tgz",
      "integrity": "sha1-FQs/J0OGnvPoUewMSdFbHRTQDuE=",
      "license": "MIT",
      "dependencies": {
        "dunder-proto": "^1.0.1",
        "es-object-atoms": "^1.0.0"
      },
      "engines": {
        "node": ">= 0.4"
      }
    },
    "node_modules/getpass": {
      "version": "0.1.7",
      "resolved": "http://r.npm.sankuai.com/getpass/download/getpass-0.1.7.tgz",
      "integrity": "sha1-Xv+OPmhNVprkyysSgmBOi6YhSfo=",
      "license": "MIT",
      "dependencies": {
        "assert-plus": "^1.0.0"
      }
    },
    "node_modules/gopd": {
      "version": "1.2.0",
      "resolved": "http://r.npm.sankuai.com/gopd/download/gopd-1.2.0.tgz",
      "integrity": "sha1-ifVrghe9vIgCvSmd9tfxCB1+UaE=",
      "license": "MIT",
      "engines": {
        "node": ">= 0.4"
      },
      "funding": {
        "url": "https://github.com/sponsors/ljharb"
      }
    },
    "node_modules/har-schema": {
      "version": "2.0.0",
      "resolved": "http://r.npm.sankuai.com/har-schema/download/har-schema-2.0.0.tgz",
      "integrity": "sha1-qUwiJOvKwEeCoNkDVSHyRzW37JI=",
      "license": "ISC",
      "engines": {
        "node": ">=4"
      }
    },
    "node_modules/har-validator": {
      "version": "5.1.5",
      "resolved": "http://r.npm.sankuai.com/har-validator/download/har-validator-5.1.5.tgz",
      "integrity": "sha1-HwgDufjLIMD6E4It8ezds2veHv0=",
      "deprecated": "this library is no longer supported",
      "license": "MIT",
      "dependencies": {
        "ajv": "^6.12.3",
        "har-schema": "^2.0.0"
      },
      "engines": {
        "node": ">=6"
      }
    },
    "node_modules/has-symbols": {
      "version": "1.1.0",
      "resolved": "http://r.npm.sankuai.com/has-symbols/download/has-symbols-1.1.0.tgz",
      "integrity": "sha1-/JxqeDoISVHQuXH+EBjegTcHozg=",
      "license": "MIT",
      "engines": {
        "node": ">= 0.4"
      },
      "funding": {
        "url": "https://github.com/sponsors/ljharb"
      }
    },
    "node_modules/hasown": {
      "version": "2.0.3",
      "resolved": "http://r.npm.sankuai.com/hasown/download/hasown-2.0.3.tgz",
      "integrity": "sha1-XlwrFbYDcKTHkww4Pft2vxe8QDw=",
      "license": "MIT",
      "dependencies": {
        "function-bind": "^1.1.2"
      },
      "engines": {
        "node": ">= 0.4"
      }
    },
    "node_modules/http-signature": {
      "version": "1.2.0",
      "resolved": "http://r.npm.sankuai.com/http-signature/download/http-signature-1.2.0.tgz",
      "integrity": "sha1-muzZJRFHcvPZW2WmCruPfBj7rOE=",
      "license": "MIT",
      "dependencies": {
        "assert-plus": "^1.0.0",
        "jsprim": "^1.2.2",
        "sshpk": "^1.7.0"
      },
      "engines": {
        "node": ">=0.8",
        "npm": ">=1.3.7"
      }
    },
    "node_modules/humanize-ms": {
      "version": "1.2.1",
      "resolved": "http://r.npm.sankuai.com/humanize-ms/download/humanize-ms-1.2.1.tgz",
      "integrity": "sha1-xG4xWaKT9riW2ikxbYtv6Lt5u+0=",
      "license": "MIT",
      "dependencies": {
        "ms": "^2.0.0"
      }
    },
    "node_modules/ieee754": {
      "version": "1.2.1",
      "resolved": "http://r.npm.sankuai.com/ieee754/download/ieee754-1.2.1.tgz",
      "integrity": "sha1-jrehCmP/8l0VpXsAFYbRd9Gw01I=",
      "funding": [
        {
          "type": "github",
          "url": "https://github.com/sponsors/feross"
        },
        {
          "type": "patreon",
          "url": "https://www.patreon.com/feross"
        },
        {
          "type": "consulting",
          "url": "https://feross.org/support"
        }
      ],
      "license": "BSD-3-Clause"
    },
    "node_modules/is-stream": {
      "version": "2.0.1",
      "resolved": "http://r.npm.sankuai.com/is-stream/download/is-stream-2.0.1.tgz",
      "integrity": "sha1-+sHj1TuXrVqdCunO8jifWBClwHc=",
      "license": "MIT",
      "engines": {
        "node": ">=8"
      },
      "funding": {
        "url": "https://github.com/sponsors/sindresorhus"
      }
    },
    "node_modules/is-typedarray": {
      "version": "1.0.0",
      "resolved": "http://r.npm.sankuai.com/is-typedarray/download/is-typedarray-1.0.0.tgz",
      "integrity": "sha1-5HnICFjfDBsR3dppQPlgEfzaSpo=",
      "license": "MIT"
    },
    "node_modules/isstream": {
      "version": "0.1.2",
      "resolved": "http://r.npm.sankuai.com/isstream/download/isstream-0.1.2.tgz",
      "integrity": "sha1-R+Y/evVa+m+S4VAOaQ64uFKcCZo=",
      "license": "MIT"
    },
    "node_modules/jsbn": {
      "version": "0.1.1",
      "resolved": "http://r.npm.sankuai.com/jsbn/download/jsbn-0.1.1.tgz",
      "integrity": "sha1-peZUwuWi3rXyAdls77yoDA7y9RM=",
      "license": "MIT"
    },
    "node_modules/json-bigint": {
      "version": "1.0.0",
      "resolved": "https://registry.npmmirror.com/json-bigint/-/json-bigint-1.0.0.tgz",
      "integrity": "sha512-SiPv/8VpZuWbvLSMtTDU8hEfrZWg/mH/nV/b4o0CYbSxu1UIQPLdwKOCIyLQX+VIPO5vrLX3i8qtqFyhdPSUSQ==",
      "license": "MIT",
      "dependencies": {
        "bignumber.js": "^9.0.0"
      }
    },
    "node_modules/json-schema": {
      "version": "0.4.0",
      "resolved": "http://r.npm.sankuai.com/json-schema/download/json-schema-0.4.0.tgz",
      "integrity": "sha1-995M9u+rg4666zI2R0y7paGTCrU=",
      "license": "(AFL-2.1 OR BSD-3-Clause)"
    },
    "node_modules/json-schema-traverse": {
      "version": "0.4.1",
      "resolved": "http://r.npm.sankuai.com/json-schema-traverse/download/json-schema-traverse-0.4.1.tgz",
      "integrity": "sha1-afaofZUTq4u4/mO9sJecRI5oRmA=",
      "license": "MIT"
    },
    "node_modules/json-stringify-safe": {
      "version": "5.0.1",
      "resolved": "http://r.npm.sankuai.com/json-stringify-safe/download/json-stringify-safe-5.0.1.tgz",
      "integrity": "sha1-Epai1Y/UXxmg9s4B1lcB4sc1tus=",
      "license": "ISC"
    },
    "node_modules/jsonwebtoken": {
      "version": "8.5.1",
      "resolved": "http://r.npm.sankuai.com/jsonwebtoken/download/jsonwebtoken-8.5.1.tgz",
      "integrity": "sha1-AOceC431TCEhofJhN98igGc7zA0=",
      "license": "MIT",
      "dependencies": {
        "jws": "^3.2.2",
        "lodash.includes": "^4.3.0",
        "lodash.isboolean": "^3.0.3",
        "lodash.isinteger": "^4.0.4",
        "lodash.isnumber": "^3.0.3",
        "lodash.isplainobject": "^4.0.6",
        "lodash.isstring": "^4.0.1",
        "lodash.once": "^4.0.0",
        "ms": "^2.1.1",
        "semver": "^5.6.0"
      },
      "engines": {
        "node": ">=4",
        "npm": ">=1.4.28"
      }
    },
    "node_modules/jsprim": {
      "version": "1.4.2",
      "resolved": "http://r.npm.sankuai.com/jsprim/download/jsprim-1.4.2.tgz",
      "integrity": "sha1-cSxlUzoVyHi6WentXw4m1bd8X+s=",
      "license": "MIT",
      "dependencies": {
        "assert-plus": "1.0.0",
        "extsprintf": "1.3.0",
        "json-schema": "0.4.0",
        "verror": "1.10.0"
      },
      "engines": {
        "node": ">=0.6.0"
      }
    },
    "node_modules/jwa": {
      "version": "1.4.2",
      "resolved": "http://r.npm.sankuai.com/jwa/download/jwa-1.4.2.tgz",
      "integrity": "sha1-FgEaxttI3nsQJ3fleJeQFSDux7k=",
      "license": "MIT",
      "dependencies": {
        "buffer-equal-constant-time": "^1.0.1",
        "ecdsa-sig-formatter": "1.0.11",
        "safe-buffer": "^5.0.1"
      }
    },
    "node_modules/jws": {
      "version": "3.2.3",
      "resolved": "http://r.npm.sankuai.com/jws/download/jws-3.2.3.tgz",
      "integrity": "sha1-WsBpC0YJAKJyZd4kUgUmhTwLjKE=",
      "license": "MIT",
      "dependencies": {
        "jwa": "^1.4.2",
        "safe-buffer": "^5.0.1"
      }
    },
    "node_modules/lodash.clonedeep": {
      "version": "4.5.0",
      "resolved": "http://r.npm.sankuai.com/lodash.clonedeep/download/lodash.clonedeep-4.5.0.tgz",
      "integrity": "sha1-4j8/nE+Pvd6HJSnBBxhXoIblzO8=",
      "license": "MIT"
    },
    "node_modules/lodash.includes": {
      "version": "4.3.0",
      "resolved": "http://r.npm.sankuai.com/lodash.includes/download/lodash.includes-4.3.0.tgz",
      "integrity": "sha1-YLuYqHy5I8aMoeUTJUgzFISfVT8=",
      "license": "MIT"
    },
    "node_modules/lodash.isboolean": {
      "version": "3.0.3",
      "resolved": "http://r.npm.sankuai.com/lodash.isboolean/download/lodash.isboolean-3.0.3.tgz",
      "integrity": "sha1-bC4XHbKiV82WgC/UOwGyDV9YcPY=",
      "license": "MIT"
    },
    "node_modules/lodash.isinteger": {
      "version": "4.0.4",
      "resolved": "http://r.npm.sankuai.com/lodash.isinteger/download/lodash.isinteger-4.0.4.tgz",
      "integrity": "sha1-YZwK89A/iwTDH1iChAt3sRzWg0M=",
      "license": "MIT"
    },
    "node_modules/lodash.isnumber": {
      "version": "3.0.3",
      "resolved": "http://r.npm.sankuai.com/lodash.isnumber/download/lodash.isnumber-3.0.3.tgz",
      "integrity": "sha1-POdoEMWSjQM1IwGsKHMX8RwLH/w=",
      "license": "MIT"
    },
    "node_modules/lodash.isplainobject": {
      "version": "4.0.6",
      "resolved": "http://r.npm.sankuai.com/lodash.isplainobject/download/lodash.isplainobject-4.0.6.tgz",
      "integrity": "sha1-fFJqUtibRcRcxpC4gWO+BJf1UMs=",
      "license": "MIT"
    },
    "node_modules/lodash.isstring": {
      "version": "4.0.1",
      "resolved": "http://r.npm.sankuai.com/lodash.isstring/download/lodash.isstring-4.0.1.tgz",
      "integrity": "sha1-1SfftUVuynzJu5XV2ur4i6VKVFE=",
      "license": "MIT"
    },
    "node_modules/lodash.once": {
      "version": "4.1.1",
      "resolved": "http://r.npm.sankuai.com/lodash.once/download/lodash.once-4.1.1.tgz",
      "integrity": "sha1-DdOXEhPHxW34gJd9UEyI+0cal6w=",
      "license": "MIT"
    },
    "node_modules/lodash.set": {
      "version": "4.3.2",
      "resolved": "http://r.npm.sankuai.com/lodash.set/download/lodash.set-4.3.2.tgz",
      "integrity": "sha1-2HV7HagH3eJIFrDWqEvqGnYjCyM=",
      "license": "MIT"
    },
    "node_modules/lodash.unset": {
      "version": "4.5.2",
      "resolved": "http://r.npm.sankuai.com/lodash.unset/download/lodash.unset-4.5.2.tgz",
      "integrity": "sha1-Nw0dPoW3Kn4bDN8tJyEhMG8j5O0=",
      "license": "MIT"
    },
    "node_modules/long": {
      "version": "5.3.2",
      "resolved": "http://r.npm.sankuai.com/long/download/long-5.3.2.tgz",
      "integrity": "sha1-HYRGMJWZkmLX17f4v9SozFUWf4M=",
      "license": "Apache-2.0"
    },
    "node_modules/math-intrinsics": {
      "version": "1.1.0",
      "resolved": "http://r.npm.sankuai.com/math-intrinsics/download/math-intrinsics-1.1.0.tgz",
      "integrity": "sha1-oN10voHiqlwvJ+Zc4oNgXuTit/k=",
      "license": "MIT",
      "engines": {
        "node": ">= 0.4"
      }
    },
    "node_modules/mime-db": {
      "version": "1.52.0",
      "resolved": "http://r.npm.sankuai.com/mime-db/download/mime-db-1.52.0.tgz",
      "integrity": "sha1-u6vNwChZ9JhzAchW4zh85exDv3A=",
      "license": "MIT",
      "engines": {
        "node": ">= 0.6"
      }
    },
    "node_modules/mime-types": {
      "version": "2.1.35",
      "resolved": "http://r.npm.sankuai.com/mime-types/download/mime-types-2.1.35.tgz",
      "integrity": "sha1-OBqHG2KnNEUGYK497uRIE/cNlZo=",
      "license": "MIT",
      "dependencies": {
        "mime-db": "1.52.0"
      },
      "engines": {
        "node": ">= 0.6"
      }
    },
    "node_modules/ms": {
      "version": "2.1.3",
      "resolved": "http://r.npm.sankuai.com/ms/download/ms-2.1.3.tgz",
      "integrity": "sha1-V0yBOM4dK1hh8LRFedut1gxmFbI=",
      "license": "MIT"
    },
    "node_modules/oauth-sign": {
      "version": "0.9.0",
      "resolved": "http://r.npm.sankuai.com/oauth-sign/download/oauth-sign-0.9.0.tgz",
      "integrity": "sha1-R6ewFrqmi1+g7PPe4IqFxnmsZFU=",
      "license": "Apache-2.0",
      "engines": {
        "node": "*"
      }
    },
    "node_modules/object-inspect": {
      "version": "1.13.4",
      "resolved": "http://r.npm.sankuai.com/object-inspect/download/object-inspect-1.13.4.tgz",
      "integrity": "sha1-g3UmXiG8IND6WCwi4bE0hdbgAhM=",
      "license": "MIT",
      "engines": {
        "node": ">= 0.4"
      },
      "funding": {
        "url": "https://github.com/sponsors/ljharb"
      }
    },
    "node_modules/performance-now": {
      "version": "2.1.0",
      "resolved": "http://r.npm.sankuai.com/performance-now/download/performance-now-2.1.0.tgz",
      "integrity": "sha1-Ywn04OX6kT7BxpMHrjZLSzd8nns=",
      "license": "MIT"
    },
    "node_modules/protobufjs": {
      "version": "7.5.6",
      "resolved": "http://r.npm.sankuai.com/protobufjs/download/protobufjs-7.5.6.tgz",
      "integrity": "sha1-Ea+DLrxLQyb2WKWxMI5hQetX7f0=",
      "hasInstallScript": true,
      "license": "BSD-3-Clause",
      "dependencies": {
        "@protobufjs/aspromise": "^1.1.2",
        "@protobufjs/base64": "^1.1.2",
        "@protobufjs/codegen": "^2.0.5",
        "@protobufjs/eventemitter": "^1.1.0",
        "@protobufjs/fetch": "^1.1.0",
        "@protobufjs/float": "^1.0.2",
        "@protobufjs/inquire": "^1.1.1",
        "@protobufjs/path": "^1.1.2",
        "@protobufjs/pool": "^1.1.0",
        "@protobufjs/utf8": "^1.1.1",
        "@types/node": ">=13.7.0",
        "long": "^5.0.0"
      },
      "engines": {
        "node": ">=12.0.0"
      }
    },
    "node_modules/psl": {
      "version": "1.15.0",
      "resolved": "http://r.npm.sankuai.com/psl/download/psl-1.15.0.tgz",
      "integrity": "sha1-vazjGJbx2XzsannoIkiYzpPZdMY=",
      "license": "MIT",
      "dependencies": {
        "punycode": "^2.3.1"
      },
      "funding": {
        "url": "https://github.com/sponsors/lupomontero"
      }
    },
    "node_modules/punycode": {
      "version": "2.3.1",
      "resolved": "http://r.npm.sankuai.com/punycode/download/punycode-2.3.1.tgz",
      "integrity": "sha1-AnQi4vrsCyXhVJw+G9gwm5EztuU=",
      "license": "MIT",
      "engines": {
        "node": ">=6"
      }
    },
    "node_modules/qs": {
      "version": "6.5.5",
      "resolved": "http://r.npm.sankuai.com/qs/download/qs-6.5.5.tgz",
      "integrity": "sha1-fJRC/D8cWLtSrFetCdtjumiRY5U=",
      "license": "BSD-3-Clause",
      "engines": {
        "node": ">=0.6"
      }
    },
    "node_modules/request": {
      "version": "2.88.2",
      "resolved": "http://r.npm.sankuai.com/request/download/request-2.88.2.tgz",
      "integrity": "sha1-1zyRhzHLWofaBH4gcjQUb2ZNErM=",
      "deprecated": "request has been deprecated, see https://github.com/request/request/issues/3142",
      "license": "Apache-2.0",
      "dependencies": {
        "aws-sign2": "~0.7.0",
        "aws4": "^1.8.0",
        "caseless": "~0.12.0",
        "combined-stream": "~1.0.6",
        "extend": "~3.0.2",
        "forever-agent": "~0.6.1",
        "form-data": "~2.3.2",
        "har-validator": "~5.1.3",
        "http-signature": "~1.2.0",
        "is-typedarray": "~1.0.0",
        "isstream": "~0.1.2",
        "json-stringify-safe": "~5.0.1",
        "mime-types": "~2.1.19",
        "oauth-sign": "~0.9.0",
        "performance-now": "^2.1.0",
        "qs": "~6.5.2",
        "safe-buffer": "^5.1.2",
        "tough-cookie": "~2.5.0",
        "tunnel-agent": "^0.6.0",
        "uuid": "^3.3.2"
      },
      "engines": {
        "node": ">= 6"
      }
    },
    "node_modules/retry": {
      "version": "0.13.1",
      "resolved": "http://r.npm.sankuai.com/retry/download/retry-0.13.1.tgz",
      "integrity": "sha1-GFsVh6z2eRnWOzVzSeA1N7JIRlg=",
      "license": "MIT",
      "engines": {
        "node": ">= 4"
      }
    },
    "node_modules/safe-buffer": {
      "version": "5.2.1",
      "resolved": "http://r.npm.sankuai.com/safe-buffer/download/safe-buffer-5.2.1.tgz",
      "integrity": "sha1-Hq+fqb2x/dTsdfWPnNtOa3gn7sY=",
      "funding": [
        {
          "type": "github",
          "url": "https://github.com/sponsors/feross"
        },
        {
          "type": "patreon",
          "url": "https://www.patreon.com/feross"
        },
        {
          "type": "consulting",
          "url": "https://feross.org/support"
        }
      ],
      "license": "MIT"
    },
    "node_modules/safer-buffer": {
      "version": "2.1.2",
      "resolved": "http://r.npm.sankuai.com/safer-buffer/download/safer-buffer-2.1.2.tgz",
      "integrity": "sha1-RPoWGwGHuVSd2Eu5GAL5vYOFzWo=",
      "license": "MIT"
    },
    "node_modules/sax": {
      "version": "1.6.0",
      "resolved": "http://r.npm.sankuai.com/sax/download/sax-1.6.0.tgz",
      "integrity": "sha1-2lljdikwe5fnxMso4ICnvDhWDVs=",
      "license": "BlueOak-1.0.0",
      "engines": {
        "node": ">=11.0.0"
      }
    },
    "node_modules/semver": {
      "version": "5.7.2",
      "resolved": "http://r.npm.sankuai.com/semver/download/semver-5.7.2.tgz",
      "integrity": "sha1-SNVdtzfDKHzUg14X+hP+rOHEHvg=",
      "license": "ISC",
      "bin": {
        "semver": "bin/semver"
      }
    },
    "node_modules/side-channel": {
      "version": "1.1.0",
      "resolved": "http://r.npm.sankuai.com/side-channel/download/side-channel-1.1.0.tgz",
      "integrity": "sha1-w/z/nE2pMnhIczNeyXZfqU/2a8k=",
      "license": "MIT",
      "dependencies": {
        "es-errors": "^1.3.0",
        "object-inspect": "^1.13.3",
        "side-channel-list": "^1.0.0",
        "side-channel-map": "^1.0.1",
        "side-channel-weakmap": "^1.0.2"
      },
      "engines": {
        "node": ">= 0.4"
      },
      "funding": {
        "url": "https://github.com/sponsors/ljharb"
      }
    },
    "node_modules/side-channel-list": {
      "version": "1.0.1",
      "resolved": "http://r.npm.sankuai.com/side-channel-list/download/side-channel-list-1.0.1.tgz",
      "integrity": "sha1-wuC1oUpUCuvuO7xsP4ZmzJtQkSc=",
      "license": "MIT",
      "dependencies": {
        "es-errors": "^1.3.0",
        "object-inspect": "^1.13.4"
      },
      "engines": {
        "node": ">= 0.4"
      },
      "funding": {
        "url": "https://github.com/sponsors/ljharb"
      }
    },
    "node_modules/side-channel-map": {
      "version": "1.0.1",
      "resolved": "http://r.npm.sankuai.com/side-channel-map/download/side-channel-map-1.0.1.tgz",
      "integrity": "sha1-1rtrN5Asb+9RdOX1M/q0xzKib0I=",
      "license": "MIT",
      "dependencies": {
        "call-bound": "^1.0.2",
        "es-errors": "^1.3.0",
        "get-intrinsic": "^1.2.5",
        "object-inspect": "^1.13.3"
      },
      "engines": {
        "node": ">= 0.4"
      },
      "funding": {
        "url": "https://github.com/sponsors/ljharb"
      }
    },
    "node_modules/side-channel-weakmap": {
      "version": "1.0.2",
      "resolved": "http://r.npm.sankuai.com/side-channel-weakmap/download/side-channel-weakmap-1.0.2.tgz",
      "integrity": "sha1-Ed2hnVNo5Azp7CvcH7DsvAeQ7Oo=",
      "license": "MIT",
      "dependencies": {
        "call-bound": "^1.0.2",
        "es-errors": "^1.3.0",
        "get-intrinsic": "^1.2.5",
        "object-inspect": "^1.13.3",
        "side-channel-map": "^1.0.1"
      },
      "engines": {
        "node": ">= 0.4"
      },
      "funding": {
        "url": "https://github.com/sponsors/ljharb"
      }
    },
    "node_modules/sshpk": {
      "version": "1.18.0",
      "resolved": "http://r.npm.sankuai.com/sshpk/download/sshpk-1.18.0.tgz",
      "integrity": "sha1-FmPlXN301oi4aka3fw1f42OroCg=",
      "license": "MIT",
      "dependencies": {
        "asn1": "~0.2.3",
        "assert-plus": "^1.0.0",
        "bcrypt-pbkdf": "^1.0.0",
        "dashdash": "^1.12.0",
        "ecc-jsbn": "~0.1.1",
        "getpass": "^0.1.1",
        "jsbn": "~0.1.0",
        "safer-buffer": "^2.0.2",
        "tweetnacl": "~0.14.0"
      },
      "bin": {
        "sshpk-conv": "bin/sshpk-conv",
        "sshpk-sign": "bin/sshpk-sign",
        "sshpk-verify": "bin/sshpk-verify"
      },
      "engines": {
        "node": ">=0.10.0"
      }
    },
    "node_modules/tough-cookie": {
      "version": "2.5.0",
      "resolved": "http://r.npm.sankuai.com/tough-cookie/download/tough-cookie-2.5.0.tgz",
      "integrity": "sha1-zZ+yoKodWhK0c72fuW+j3P9lreI=",
      "license": "BSD-3-Clause",
      "dependencies": {
        "psl": "^1.1.28",
        "punycode": "^2.1.1"
      },
      "engines": {
        "node": ">=0.8"
      }
    },
    "node_modules/tslib": {
      "version": "1.14.1",
      "resolved": "https://registry.npmmirror.com/tslib/-/tslib-1.14.1.tgz",
      "integrity": "sha512-Xni35NKzjgMrwevysHTCArtLDpPvye8zV/0E4EyYn43P7/7qvQwPh9BGkHewbMulVntbigmcT7rdX3BNo9wRJg==",
      "license": "0BSD"
    },
    "node_modules/tunnel-agent": {
      "version": "0.6.0",
      "resolved": "http://r.npm.sankuai.com/tunnel-agent/download/tunnel-agent-0.6.0.tgz",
      "integrity": "sha1-J6XeoGs2sEoKmWZ3SykIaPD8QP0=",
      "license": "Apache-2.0",
      "dependencies": {
        "safe-buffer": "^5.0.1"
      },
      "engines": {
        "node": "*"
      }
    },
    "node_modules/tweetnacl": {
      "version": "0.14.5",
      "resolved": "http://r.npm.sankuai.com/tweetnacl/download/tweetnacl-0.14.5.tgz",
      "integrity": "sha1-WuaBd/GS1EViadEIr6k/+HQ/T2Q=",
      "license": "Unlicense"
    },
    "node_modules/undici-types": {
      "version": "7.19.2",
      "resolved": "http://r.npm.sankuai.com/undici-types/download/undici-types-7.19.2.tgz",
      "integrity": "sha1-G2f8JtDxV6DLo6WKW1weIna4uio=",
      "license": "MIT"
    },
    "node_modules/uri-js": {
      "version": "4.4.1",
      "resolved": "http://r.npm.sankuai.com/uri-js/download/uri-js-4.4.1.tgz",
      "integrity": "sha1-mxpSWVIlhZ5V9mnZKPiMbFfyp34=",
      "license": "BSD-2-Clause",
      "dependencies": {
        "punycode": "^2.1.0"
      }
    },
    "node_modules/url": {
      "version": "0.11.4",
      "resolved": "http://r.npm.sankuai.com/url/download/url-0.11.4.tgz",
      "integrity": "sha1-rcp3s1YtVrcnRudrMwt/J7ZyHzw=",
      "license": "MIT",
      "dependencies": {
        "punycode": "^1.4.1",
        "qs": "^6.12.3"
      },
      "engines": {
        "node": ">= 0.4"
      }
    },
    "node_modules/url/node_modules/punycode": {
      "version": "1.4.1",
      "resolved": "http://r.npm.sankuai.com/punycode/download/punycode-1.4.1.tgz",
      "integrity": "sha1-wNWmOycYgArY4esPpSachN1BhF4=",
      "license": "MIT"
    },
    "node_modules/url/node_modules/qs": {
      "version": "6.15.1",
      "resolved": "http://r.npm.sankuai.com/qs/download/qs-6.15.1.tgz",
      "integrity": "sha1-vbVa7Qa/rCV6kMRKRGpz+6VXXI8=",
      "license": "BSD-3-Clause",
      "dependencies": {
        "side-channel": "^1.1.0"
      },
      "engines": {
        "node": ">=0.6"
      },
      "funding": {
        "url": "https://github.com/sponsors/ljharb"
      }
    },
    "node_modules/uuid": {
      "version": "3.4.0",
      "resolved": "http://r.npm.sankuai.com/uuid/download/uuid-3.4.0.tgz",
      "integrity": "sha1-sj5DWK+oogL+ehAK8fX4g/AgB+4=",
      "deprecated": "Please upgrade  to version 7 or higher.  Older versions may use Math.random() in certain circumstances, which is known to be problematic.  See https://v8.dev/blog/math-random for details.",
      "license": "MIT",
      "bin": {
        "uuid": "bin/uuid"
      }
    },
    "node_modules/verror": {
      "version": "1.10.0",
      "resolved": "http://r.npm.sankuai.com/verror/download/verror-1.10.0.tgz",
      "integrity": "sha1-OhBcoXBTr1XW4nDB+CiGguGNpAA=",
      "engines": [
        "node >=0.6.0"
      ],
      "license": "MIT",
      "dependencies": {
        "assert-plus": "^1.0.0",
        "core-util-is": "1.0.2",
        "extsprintf": "^1.2.0"
      }
    },
    "node_modules/wx-server-sdk": {
      "version": "3.0.4",
      "resolved": "http://r.npm.sankuai.com/wx-server-sdk/download/wx-server-sdk-3.0.4.tgz",
      "integrity": "sha1-NRJ06oDY2ef78jX7afNqAoofPKA=",
      "license": "MIT",
      "dependencies": {
        "@cloudbase/node-sdk": "2.10.0",
        "json-bigint": "^1.0.0",
        "protobufjs": "^7.2.4",
        "tslib": "^1.9.3"
      }
    },
    "node_modules/xml2js": {
      "version": "0.5.0",
      "resolved": "http://r.npm.sankuai.com/xml2js/download/xml2js-0.5.0.tgz",
      "integrity": "sha1-2UQGMfuy7YACA/rRBvJyT2LEk7c=",
      "license": "MIT",
      "dependencies": {
        "sax": ">=0.6.0",
        "xmlbuilder": "~11.0.0"
      },
      "engines": {
        "node": ">=4.0.0"
      }
    },
    "node_modules/xmlbuilder": {
      "version": "11.0.1",
      "resolved": "http://r.npm.sankuai.com/xmlbuilder/download/xmlbuilder-11.0.1.tgz",
      "integrity": "sha1-vpuuHIoEbnazESdyY0fQrXACvrM=",
      "license": "MIT",
      "engines": {
        "node": ">=4.0"
      }
    }
  }
}
